// !$*UTF8*$!
{
	archiveVersion = 1;
	classes = {
	};
	objectVersion = 55;
	objects = {

/* Begin PBXBuildFile section */
		655D72C728BA8CE300D19BE7 /* AppDelegate.swift in Sources */ = {isa = PBXBuildFile; fileRef = 655D72C628BA8CE300D19BE7 /* AppDelegate.swift */; };
		655D72C928BA8CE300D19BE7 /* SceneDelegate.swift in Sources */ = {isa = PBXBuildFile; fileRef = 655D72C828BA8CE300D19BE7 /* SceneDelegate.swift */; };
		655D72CB28BA8CE300D19BE7 /* ViewController.swift in Sources */ = {isa = PBXBuildFile; fileRef = 655D72CA28BA8CE300D19BE7 /* ViewController.swift */; };
		655D72CE28BA8CE300D19BE7 /* Main.storyboard in Resources */ = {isa = PBXBuildFile; fileRef = 655D72CC28BA8CE300D19BE7 /* Main.storyboard */; };
		655D72D028BA8CE400D19BE7 /* Assets.xcassets in Resources */ = {isa = PBXBuildFile; fileRef = 655D72CF28BA8CE400D19BE7 /* Assets.xcassets */; };
		655D72D328BA8CE400D19BE7 /* LaunchScreen.storyboard in Resources */ = {isa = PBXBuildFile; fileRef = 655D72D128BA8CE400D19BE7 /* LaunchScreen.storyboard */; };
		655D72DE28BA8CE400D19BE7 /* PreworkTests.swift in Sources */ = {isa = PBXBuildFile; fileRef = 655D72DD28BA8CE400D19BE7 /* PreworkTests.swift */; };
		655D72E828BA8CE400D19BE7 /* PreworkUITests.swift in Sources */ = {isa = PBXBuildFile; fileRef = 655D72E728BA8CE400D19BE7 /* PreworkUITests.swift */; };
		655D72EA28BA8CE400D19BE7 /* PreworkUITestsLaunchTests.swift in Sources */ = {isa = PBXBuildFile; fileRef = 655D72E928BA8CE400D19BE7 /* PreworkUITestsLaunchTests.swift */; };
/* End PBXBuildFile section */

/* Begin PBXContainerItemProxy section */
		655D72DA28BA8CE400D19BE7 /* PBXContainerItemProxy */ = {
			isa = PBXContainerItemProxy;
			containerPortal = 655D72BB28BA8CE200D19BE7 /* Project object */;
			proxyType = 1;
			remoteGlobalIDString = 655D72C228BA8CE200D19BE7;
			remoteInfo = Prework;
		};
		655D72E428BA8CE400D19BE7 /* PBXContainerItemProxy */ = {
			isa = PBXContainerItemProxy;
			containerPortal = 655D72BB28BA8CE200D19BE7 /* Project object */;
			proxyType = 1;
			remoteGlobalIDString = 655D72C228BA8CE200D19BE7;
			remoteInfo = Prework;
		};
/* End PBXContainerItemProxy section */

/* Begin PBXFileReference section */
		655D72C328BA8CE300D19BE7 /* Prework.app */ = {isa = PBXFileReference; explicitFileType = wrapper.application; includeInIndex = 0; path = Prework.app; sourceTree = BUILT_PRODUCTS_DIR; };
		655D72C628BA8CE300D19BE7 /* AppDelegate.swift */ = {isa = PBXFileReference; lastKnownFileType = sourcecode.swift; path = AppDelegate.swift; sourceTree = "<group>"; };
		655D72C828BA8CE300D19BE7 /* SceneDelegate.swift */ = {isa = PBXFileReference; lastKnownFileType = sourcecode.swift; path = SceneDelegate.swift; sourceTree = "<group>"; };
		655D72CA28BA8CE300D19BE7 /* ViewController.swift */ = {isa = PBXFileReference; lastKnownFileType = sourcecode.swift; path = ViewController.swift; sourceTree = "<group>"; };
		655D72CD28BA8CE300D19BE7 /* Base */ = {isa = PBXFileReference; lastKnownFileType = file.storyboard; name = Base; path = Base.lproj/Main.storyboard; sourceTree = "<group>"; };
		655D72CF28BA8CE400D19BE7 /* Assets.xcassets */ = {isa = PBXFileReference; lastKnownFileType = folder.assetcatalog; path = Assets.xcassets; sourceTree = "<group>"; };
		655D72D228BA8CE400D19BE7 /* Base */ = {isa = PBXFileReference; lastKnownFileType = file.storyboard; name = Base; path = Base.lproj/LaunchScreen.storyboard; sourceTree = "<group>"; };
		655D72D428BA8CE400D19BE7 /* Info.plist */ = {isa = PBXFileReference; lastKnownFileType = text.plist.xml; path = Info.plist; sourceTree = "<group>"; };
		655D72D928BA8CE400D19BE7 /* PreworkTests.xctest */ = {isa = PBXFileReference; explicitFileType = wrapper.cfbundle; includeInIndex = 0; path = PreworkTests.xctest; sourceTree = BUILT_PRODUCTS_DIR; };
		655D72DD28BA8CE400D19BE7 /* PreworkTests.swift */ = {isa = PBXFileReference; lastKnownFileType = sourcecode.swift; path = PreworkTests.swift; sourceTree = "<group>"; };
		655D72E328BA8CE400D19BE7 /* PreworkUITests.xctest */ = {isa = PBXFileReference; explicitFileType = wrapper.cfbundle; includeInIndex = 0; path = PreworkUITests.xctest; sourceTree = BUILT_PRODUCTS_DIR; };
		655D72E728BA8CE400D19BE7 /* PreworkUITests.swift */ = {isa = PBXFileReference; lastKnownFileType = sourcecode.swift; path = PreworkUITests.swift; sourceTree = "<group>"; };
		655D72E928BA8CE400D19BE7 /* PreworkUITestsLaunchTests.swift */ = {isa = PBXFileReference; lastKnownFileType = sourcecode.swift; path = PreworkUITestsLaunchTests.swift; sourceTree = "<group>"; };
/* End PBXFileReference section */

/* Begin PBXFrameworksBuildPhase section */
		655D72C028BA8CE200D19BE7 /* Frameworks */ = {
			isa = PBXFrameworksBuildPhase;
			buildActionMask = 2147483647;
			files = (
			);
			runOnlyForDeploymentPostprocessing = 0;
		};
		655D72D628BA8CE400D19BE7 /* Frameworks */ = {
			isa = PBXFrameworksBuildPhase;
			buildActionMask = 2147483647;
			files = (
			);
			runOnlyForDeploymentPostprocessing = 0;
		};
		655D72E028BA8CE400D19BE7 /* Frameworks */ = {
			isa = PBXFrameworksBuildPhase;
			buildActionMask = 2147483647;
			files = (
			);
			runOnlyForDeploymentPostprocessing = 0;
		};
/* End PBXFrameworksBuildPhase section */

/* Begin PBXGroup section */
		655D72BA28BA8CE200D19BE7 = {
			isa = PBXGroup;
			children = (
				655D72C528BA8CE300D19BE7 /* Prework */,
				655D72DC28BA8CE400D19BE7 /* PreworkTests */,
				655D72E628BA8CE400D19BE7 /* PreworkUITests */,
				655D72C428BA8CE300D19BE7 /* Products */,
			);
			sourceTree = "<group>";
		};
		655D72C428BA8CE300D19BE7 /* Products */ = {
			isa = PBXGroup;
			children = (
				655D72C328BA8CE300D19BE7 /* Prework.app */,
				655D72D928BA8CE400D19BE7 /* PreworkTests.xctest */,
				655D72E328BA8CE400D19BE7 /* PreworkUITests.xctest */,
			);
			name = Products;
			sourceTree = "<group>";
		};
		655D72C528BA8CE300D19BE7 /* Prework */ = {
			isa = PBXGroup;
			children = (
				655D72C628BA8CE300D19BE7 /* AppDelegate.swift */,
				655D72C828BA8CE300D19BE7 /* SceneDelegate.swift */,
				655D72CA28BA8CE300D19BE7 /* ViewController.swift */,
				655D72CC28BA8CE300D19BE7 /* Main.storyboard */,
				655D72CF28BA8CE400D19BE7 /* Assets.xcassets */,
				655D72D128BA8CE400D19BE7 /* LaunchScreen.storyboard */,
				655D72D428BA8CE400D19BE7 /* Info.plist */,
			);
			path = Prework;
			sourceTree = "<group>";
		};
		655D72DC28BA8CE400D19BE7 /* PreworkTests */ = {
			isa = PBXGroup;
			children = (
				655D72DD28BA8CE400D19BE7 /* PreworkTests.swift */,
			);
			path = PreworkTests;
			sourceTree = "<group>";
		};
		655D72E628BA8CE400D19BE7 /* PreworkUITests */ = {
			isa = PBXGroup;
			children = (
				655D72E728BA8CE400D19BE7 /* PreworkUITests.swift */,
				655D72E928BA8CE400D19BE7 /* PreworkUITestsLaunchTests.swift */,
			);
			path = PreworkUITests;
			sourceTree = "<group>";
		};
/* End PBXGroup section */

/* Begin PBXNativeTarget section */
		655D72C228BA8CE200D19BE7 /* Prework */ = {
			isa = PBXNativeTarget;
			buildConfigurationList = 655D72ED28BA8CE400D19BE7 /* Build configuration list for PBXNativeTarget "Prework" */;
			buildPhases = (
				655D72BF28BA8CE200D19BE7 /* Sources */,
				655D72C028BA8CE200D19BE7 /* Frameworks */,
				655D72C128BA8CE200D19BE7 /* Resources */,
			);
			buildRules = (
			);
			dependencies = (
			);
			name = Prework;
			productName = Prework;
			productReference = 655D72C328BA8CE300D19BE7 /* Prework.app */;
			productType = "com.apple.product-type.application";
		};
		655D72D828BA8CE400D19BE7 /* PreworkTests */ = {
			isa = PBXNativeTarget;
			buildConfigurationList = 655D72F028BA8CE400D19BE7 /* Build configuration list for PBXNativeTarget "PreworkTests" */;
			buildPhases = (
				655D72D528BA8CE400D19BE7 /* Sources */,
				655D72D628BA8CE400D19BE7 /* Frameworks */,
				655D72D728BA8CE400D19BE7 /* Resources */,
			);
			buildRules = (
			);
			dependencies = (
				655D72DB28BA8CE400D19BE7 /* PBXTargetDependency */,
			);
			name = PreworkTests;
			productName = PreworkTests;
			productReference = 655D72D928BA8CE400D19BE7 /* PreworkTests.xctest */;
			productType = "com.apple.product-type.bundle.unit-test";
		};
		655D72E228BA8CE400D19BE7 /* PreworkUITests */ = {
			isa = PBXNativeTarget;
			buildConfigurationList = 655D72F328BA8CE400D19BE7 /* Build configuration list for PBXNativeTarget "PreworkUITests" */;
			buildPhases = (
				655D72DF28BA8CE400D19BE7 /* Sources */,
				655D72E028BA8CE400D19BE7 /* Frameworks */,
				655D72E128BA8CE400D19BE7 /* Resources */,
			);
			buildRules = (
			);
			dependencies = (
				655D72E528BA8CE400D19BE7 /* PBXTargetDependency */,
			);
			name = PreworkUITests;
			productName = PreworkUITests;
			productReference = 655D72E328BA8CE400D19BE7 /* PreworkUITests.xctest */;
			productType = "com.apple.product-type.bundle.ui-testing";
		};
/* End PBXNativeTarget section */

/* Begin PBXProject section */
		655D72BB28BA8CE200D19BE7 /* Project object */ = {
			isa = PBXProject;
			attributes = {
				BuildIndependentTargetsInParallel = 1;
				LastSwiftUpdateCheck = 1340;
				LastUpgradeCheck = 1340;
				TargetAttributes = {
					655D72C228BA8CE200D19BE7 = {
						CreatedOnToolsVersion = 13.4.1;
					};
					655D72D828BA8CE400D19BE7 = {
						CreatedOnToolsVersion = 13.4.1;
						TestTargetID = 655D72C228BA8CE200D19BE7;
					};
					655D72E228BA8CE400D19BE7 = {
						CreatedOnToolsVersion = 13.4.1;
						TestTargetID = 655D72C228BA8CE200D19BE7;
					};
				};
			};
			buildConfigurationList = 655D72BE28BA8CE200D19BE7 /* Build configuration list for PBXProject "Prework" */;
			compatibilityVersion = "Xcode 13.0";
			developmentRegion = en;
			hasScannedForEncodings = 0;
			knownRegions = (
				en,
				Base,
			);
			mainGroup = 655D72BA28BA8CE200D19BE7;
			productRefGroup = 655D72C428BA8CE300D19BE7 /* Products */;
			projectDirPath = "";
			projectRoot = "";
			targets = (
				655D72C228BA8CE200D19BE7 /* Prework */,
				655D72D828BA8CE400D19BE7 /* PreworkTests */,
				655D72E228BA8CE400D19BE7 /* PreworkUITests */,
			);
		};
/* End PBXProject section */

/* Begin PBXResourcesBuildPhase section */
		655D72C128BA8CE200D19BE7 /* Resources */ = {
			isa = PBXResourcesBuildPhase;
			buildActionMask = 2147483647;
			files = (
				655D72D328BA8CE400D19BE7 /* LaunchScreen.storyboard in Resources */,
				655D72D028BA8CE400D19BE7 /* Assets.xcassets in Resources */,
				655D72CE28BA8CE300D19BE7 /* Main.storyboard in Resources */,
			);
			runOnlyForDeploymentPostprocessing = 0;
		};
		655D72D728BA8CE400D19BE7 /* Resources */ = {
			isa = PBXResourcesBuildPhase;
			buildActionMask = 2147483647;
			files = (
			);
			runOnlyForDeploymentPostprocessing = 0;
		};
		655D72E128BA8CE400D19BE7 /* Resources */ = {
			isa = PBXResourcesBuildPhase;
			buildActionMask = 2147483647;
			files = (
			);
			runOnlyForDeploymentPostprocessing = 0;
		};
/* End PBXResourcesBuildPhase section */

/* Begin PBXSourcesBuildPhase section */
		655D72BF28BA8CE200D19BE7 /* Sources */ = {
			isa = PBXSourcesBuildPhase;
			buildActionMask = 2147483647;
			files = (
				655D72CB28BA8CE300D19BE7 /* ViewController.swift in Sources */,
				655D72C728BA8CE300D19BE7 /* AppDelegate.swift in Sources */,
				655D72C928BA8CE300D19BE7 /* SceneDelegate.swift in Sources */,
			);
			runOnlyForDeploymentPostprocessing = 0;
		};
		655D72D528BA8CE400D19BE7 /* Sources */ = {
			isa = PBXSourcesBuildPhase;
			buildActionMask = 2147483647;
			files = (
				655D72DE28BA8CE400D19BE7 /* PreworkTests.swift in Sources */,
			);
			runOnlyForDeploymentPostprocessing = 0;
		};
		655D72DF28BA8CE400D19BE7 /* Sources */ = {
			isa = PBXSourcesBuildPhase;
			buildActionMask = 2147483647;
			files = (
				655D72E828BA8CE400D19BE7 /* PreworkUITests.swift in Sources */,
				655D72EA28BA8CE400D19BE7 /* PreworkUITestsLaunchTests.swift in Sources */,
			);
			runOnlyForDeploymentPostprocessing = 0;
		};
/* End PBXSourcesBuildPhase section */

/* Begin PBXTargetDependency section */
		655D72DB28BA8CE400D19BE7 /* PBXTargetDependency */ = {
			isa = PBXTargetDependency;
			target = 655D72C228BA8CE200D19BE7 /* Prework */;
			targetProxy = 655D72DA28BA8CE400D19BE7 /* PBXContainerItemProxy */;
		};
		655D72E528BA8CE400D19BE7 /* PBXTargetDependency */ = {
			isa = PBXTargetDependency;
			target = 655D72C228BA8CE200D19BE7 /* Prework */;
			targetProxy = 655D72E428BA8CE400D19BE7 /* PBXContainerItemProxy */;
		};
/* End PBXTargetDependency section */

/* Begin PBXVariantGroup section */
		655D72CC28BA8CE300D19BE7 /* Main.storyboard */ = {
			isa = PBXVariantGroup;
			children = (
				655D72CD28BA8CE300D19BE7 /* Base */,
			);
			name = Main.storyboard;
			sourceTree = "<group>";
		};
		655D72D128BA8CE400D19BE7 /* LaunchScreen.storyboard */ = {
			isa = PBXVariantGroup;
			children = (
				655D72D228BA8CE400D19BE7 /* Base */,
			);
			name = LaunchScreen.storyboard;
			sourceTree = "<group>";
		};
/* End PBXVariantGroup section */

/* Begin XCBuildConfiguration section */
		655D72EB28BA8CE400D19BE7 /* Debug */ = {
			isa = XCBuildConfiguration;
			buildSettings = {
				ALWAYS_SEARCH_USER_PATHS = NO;
				CLANG_ANALYZER_NONNULL = YES;
				CLANG_ANALYZER_NUMBER_OBJECT_CONVERSION = YES_AGGRESSIVE;
				CLANG_CXX_LANGUAGE_STANDARD = "gnu++17";
				CLANG_ENABLE_MODULES = YES;
				CLANG_ENABLE_OBJC_ARC = YES;
				CLANG_ENABLE_OBJC_WEAK = YES;
				CLANG_WARN_BLOCK_CAPTURE_AUTORELEASING = YES;
				CLANG_WARN_BOOL_CONVERSION = YES;
				CLANG_WARN_COMMA = YES;
				CLANG_WARN_CONSTANT_CONVERSION = YES;
				CLANG_WARN_DEPRECATED_OBJC_IMPLEMENTATIONS = YES;
				CLANG_WARN_DIRECT_OBJC_ISA_USAGE = YES_ERROR;
				CLANG_WARN_DOCUMENTATION_COMMENTS = YES;
				CLANG_WARN_EMPTY_BODY = YES;
				CLANG_WARN_ENUM_CONVERSION = YES;
				CLANG_WARN_INFINITE_RECURSION = YES;
				CLANG_WARN_INT_CONVERSION = YES;
				CLANG_WARN_NON_LITERAL_NULL_CONVERSION = YES;
				CLANG_WARN_OBJC_IMPLICIT_RETAIN_SELF = YES;
				CLANG_WARN_OBJC_LITERAL_CONVERSION = YES;
				CLANG_WARN_OBJC_ROOT_CLASS = YES_ERROR;
				CLANG_WARN_QUOTED_INCLUDE_IN_FRAMEWORK_HEADER = YES;
				CLANG_WARN_RANGE_LOOP_ANALYSIS = YES;
				CLANG_WARN_STRICT_PROTOTYPES = YES;
				CLANG_WARN_SUSPICIOUS_MOVE = YES;
				CLANG_WARN_UNGUARDED_AVAILABILITY = YES_AGGRESSIVE;
				CLANG_WARN_UNREACHABLE_CODE = YES;
				CLANG_WARN__DUPLICATE_METHOD_MATCH = YES;
				COPY_PHASE_STRIP = NO;
				DEBUG_INFORMATION_FORMAT = dwarf;
				ENABLE_STRICT_OBJC_MSGSEND = YES;
				ENABLE_TESTABILITY = YES;
				GCC_C_LANGUAGE_STANDARD = gnu11;
				GCC_DYNAMIC_NO_PIC = NO;
				GCC_NO_COMMON_BLOCKS = YES;
				GCC_OPTIMIZATION_LEVEL = 0;
				GCC_PREPROCESSOR_DEFINITIONS = (
					"DEBUG=1",
					"$(inherited)",
				);
				GCC_WARN_64_TO_32_BIT_CONVERSION = YES;
				GCC_WARN_ABOUT_RETURN_TYPE = YES_ERROR;
				GCC_WARN_UNDECLARED_SELECTOR = YES;
				GCC_WARN_UNINITIALIZED_AUTOS = YES_AGGRESSIVE;
				GCC_WARN_UNUSED_FUNCTION = YES;
				GCC_WARN_UNUSED_VARIABLE = YES;
				IPHONEOS_DEPLOYMENT_TARGET = 15.5;
				MTL_ENABLE_DEBUG_INFO = INCLUDE_SOURCE;
				MTL_FAST_MATH = YES;
				ONLY_ACTIVE_ARCH = YES;
				SDKROOT = iphoneos;
				SWIFT_ACTIVE_COMPILATION_CONDITIONS = DEBUG;
				SWIFT_OPTIMIZATION_LEVEL = "-Onone";
			};
			name = Debug;
		};
		655D72EC28BA8CE400D19BE7 /* Release */ = {
			isa = XCBuildConfiguration;
			buildSettings = {
				ALWAYS_SEARCH_USER_PATHS = NO;
				CLANG_ANALYZER_NONNULL = YES;
				CLANG_ANALYZER_NUMBER_OBJECT_CONVERSION = YES_AGGRESSIVE;
				CLANG_CXX_LANGUAGE_STANDARD = "gnu++17";
				CLANG_ENABLE_MODULES = YES;
				CLANG_ENABLE_OBJC_ARC = YES;
				CLANG_ENABLE_OBJC_WEAK = YES;
				CLANG_WARN_BLOCK_CAPTURE_AUTORELEASING = YES;
				CLANG_WARN_BOOL_CONVERSION = YES;
				CLANG_WARN_COMMA = YES;
				CLANG_WARN_CONSTANT_CONVERSION = YES;
				CLANG_WARN_DEPRECATED_OBJC_IMPLEMENTATIONS = YES;
				CLANG_WARN_DIRECT_OBJC_ISA_USAGE = YES_ERROR;
				CLANG_WARN_DOCUMENTATION_COMMENTS = YES;
				CLANG_WARN_EMPTY_BODY = YES;
				CLANG_WARN_ENUM_CONVERSION = YES;
				CLANG_WARN_INFINITE_RECURSION = YES;
				CLANG_WARN_INT_CONVERSION = YES;
				CLANG_WARN_NON_LITERAL_NULL_CONVERSION = YES;
				CLANG_WARN_OBJC_IMPLICIT_RETAIN_SELF = YES;
				CLANG_WARN_OBJC_LITERAL_CONVERSION = YES;
				CLANG_WARN_OBJC_ROOT_CLASS = YES_ERROR;
				CLANG_WARN_QUOTED_INCLUDE_IN_FRAMEWORK_HEADER = YES;
				CLANG_WARN_RANGE_LOOP_ANALYSIS = YES;
				CLANG_WARN_STRICT_PROTOTYPES = YES;
				CLANG_WARN_SUSPICIOUS_MOVE = YES;
				CLANG_WARN_UNGUARDED_AVAILABILITY = YES_AGGRESSIVE;
				CLANG_WARN_UNREACHABLE_CODE = YES;
				CLANG_WARN__DUPLICATE_METHOD_MATCH = YES;
				COPY_PHASE_STRIP = NO;
				DEBUG_INFORMATION_FORMAT = "dwarf-with-dsym";
				ENABLE_NS_ASSERTIONS = NO;
				ENABLE_STRICT_OBJC_MSGSEND = YES;
				GCC_C_LANGUAGE_STANDARD = gnu11;
				GCC_NO_COMMON_BLOCKS = YES;
				GCC_WARN_64_TO_32_BIT_CONVERSION = YES;
				GCC_WARN_ABOUT_RETURN_TYPE = YES_ERROR;
				GCC_WARN_UNDECLARED_SELECTOR = YES;
				GCC_WARN_UNINITIALIZED_AUTOS = YES_AGGRESSIVE;
				GCC_WARN_UNUSED_FUNCTION = YES;
				GCC_WARN_UNUSED_VARIABLE = YES;
				IPHONEOS_DEPLOYMENT_TARGET = 15.5;
				MTL_ENABLE_DEBUG_INFO = NO;
				MTL_FAST_MATH = YES;
				SDKROOT = iphoneos;
				SWIFT_COMPILATION_MODE = wholemodule;
				SWIFT_OPTIMIZATION_LEVEL = "-O";
				VALIDATE_PRODUCT = YES;
			};
			name = Release;
		};
		655D72EE28BA8CE400D19BE7 /* Debug */ = {
			isa = XCBuildConfiguration;
			buildSettings = {
				ASSETCATALOG_COMPILER_APPICON_NAME = AppIcon;
				ASSETCATALOG_COMPILER_GLOBAL_ACCENT_COLOR_NAME = AccentColor;
				CODE_SIGN_STYLE = Automatic;
				CURRENT_PROJECT_VERSION = 1;
				GENERATE_INFOPLIST_FILE = YES;
				INFOPLIST_FILE = Prework/Info.plist;
				INFOPLIST_KEY_UIApplicationSupportsIndirectInputEvents = YES;
				INFOPLIST_KEY_UILaunchStoryboardName = LaunchScreen;
				INFOPLIST_KEY_UIMainStoryboardFile = Main;
				INFOPLIST_KEY_UISupportedInterfaceOrientations_iPad = "UIInterfaceOrientationPortrait UIInterfaceOrientationPortraitUpsideDown UIInterfaceOrientationLandscapeLeft UIInterfaceOrientationLandscapeRight";
				INFOPLIST_KEY_UISupportedInterfaceOrientations_iPhone = "UIInterfaceOrientationPortrait UIInterfaceOrientationLandscapeLeft UIInterfaceOrientationLandscapeRight";
				LD_RUNPATH_SEARCH_PATHS = (
					"$(inherited)",
					"@executable_path/Frameworks",
				);
				MARKETING_VERSION = 1.0;
				PRODUCT_BUNDLE_IDENTIFIER = "-.Prework";
				PRODUCT_NAME = "$(TARGET_NAME)";
				SWIFT_EMIT_LOC_STRINGS = YES;
				SWIFT_VERSION = 5.0;
				TARGETED_DEVICE_FAMILY = "1,2";
			};
			name = Debug;
		};
		655D72EF28BA8CE400D19BE7 /* Release */ = {
			isa = XCBuildConfiguration;
			buildSettings = {
				ASSETCATALOG_COMPILER_APPICON_NAME = AppIcon;
				ASSETCATALOG_COMPILER_GLOBAL_ACCENT_COLOR_NAME = AccentColor;
				CODE_SIGN_STYLE = Automatic;
				CURRENT_PROJECT_VERSION = 1;
				GENERATE_INFOPLIST_FILE = YES;
				INFOPLIST_FILE = Prework/Info.plist;
				INFOPLIST_KEY_UIApplicationSupportsIndirectInputEvents = YES;
				INFOPLIST_KEY_UILaunchStoryboardName = LaunchScreen;
				INFOPLIST_KEY_UIMainStoryboardFile = Main;
				INFOPLIST_KEY_UISupportedInterfaceOrientations_iPad = "UIInterfaceOrientationPortrait UIInterfaceOrientationPortraitUpsideDown UIInterfaceOrientationLandscapeLeft UIInterfaceOrientationLandscapeRight";
				INFOPLIST_KEY_UISupportedInterfaceOrientations_iPhone = "UIInterfaceOrientationPortrait UIInterfaceOrientationLandscapeLeft UIInterfaceOrientationLandscapeRight";
				LD_RUNPATH_SEARCH_PATHS = (
					"$(inherited)",
					"@executable_path/Frameworks",
				);
				MARKETING_VERSION = 1.0;
				PRODUCT_BUNDLE_IDENTIFIER = "-.Prework";
				PRODUCT_NAME = "$(TARGET_NAME)";
				SWIFT_EMIT_LOC_STRINGS = YES;
				SWIFT_VERSION = 5.0;
				TARGETED_DEVICE_FAMILY = "1,2";
			};
			name = Release;
		};
		655D72F128BA8CE400D19BE7 /* Debug */ = {
			isa = XCBuildConfiguration;
			buildSettings = {
				ALWAYS_EMBED_SWIFT_STANDARD_LIBRARIES = YES;
				BUNDLE_LOADER = "$(TEST_HOST)";
				CODE_SIGN_STYLE = Automatic;
				CURRENT_PROJECT_VERSION = 1;
				GENERATE_INFOPLIST_FILE = YES;
				IPHONEOS_DEPLOYMENT_TARGET = 15.5;
				MARKETING_VERSION = 1.0;
				PRODUCT_BUNDLE_IDENTIFIER = "-.PreworkTests";
				PRODUCT_NAME = "$(TARGET_NAME)";
				SWIFT_EMIT_LOC_STRINGS = NO;
				SWIFT_VERSION = 5.0;
				TARGETED_DEVICE_FAMILY = "1,2";
				TEST_HOST = "$(BUILT_PRODUCTS_DIR)/Prework.app/Prework";
			};
			name = Debug;
		};
		655D72F228BA8CE400D19BE7 /* Release */ = {
			isa = XCBuildConfiguration;
			buildSettings = {
				ALWAYS_EMBED_SWIFT_STANDARD_LIBRARIES = YES;
				BUNDLE_LOADER = "$(TEST_HOST)";
				CODE_SIGN_STYLE = Automatic;
				CURRENT_PROJECT_VERSION = 1;
				GENERATE_INFOPLIST_FILE = YES;
				IPHONEOS_DEPLOYMENT_TARGET = 15.5;
				MARKETING_VERSION = 1.0;
				PRODUCT_BUNDLE_IDENTIFIER = "-.PreworkTests";
				PRODUCT_NAME = "$(TARGET_NAME)";
				SWIFT_EMIT_LOC_STRINGS = NO;
				SWIFT_VERSION = 5.0;
				TARGETED_DEVICE_FAMILY = "1,2";
				TEST_HOST = "$(BUILT_PRODUCTS_DIR)/Prework.app/Prework";
			};
			name = Release;
		};
		655D72F428BA8CE400D19BE7 /* Debug */ = {
			isa = XCBuildConfiguration;
			buildSettings = {
				ALWAYS_EMBED_SWIFT_STANDARD_LIBRARIES = YES;
				CODE_SIGN_STYLE = Automatic;
				CURRENT_PROJECT_VERSION = 1;
				GENERATE_INFOPLIST_FILE = YES;
				MARKETING_VERSION = 1.0;
				PRODUCT_BUNDLE_IDENTIFIER = "-.PreworkUITests";
				PRODUCT_NAME = "$(TARGET_NAME)";
				SWIFT_EMIT_LOC_STRINGS = NO;
				SWIFT_VERSION = 5.0;
				TARGETED_DEVICE_FAMILY = "1,2";
				TEST_TARGET_NAME = Prework;
			};
			name = Debug;
		};
		655D72F528BA8CE400D19BE7 /* Release */ = {
			isa = XCBuildConfiguration;
			buildSettings = {
				ALWAYS_EMBED_SWIFT_STANDARD_LIBRARIES = YES;
				CODE_SIGN_STYLE = Automatic;
				CURRENT_PROJECT_VERSION = 1;
				GENERATE_INFOPLIST_FILE = YES;
				MARKETING_VERSION = 1.0;
				PRODUCT_BUNDLE_IDENTIFIER = "-.PreworkUITests";
				PRODUCT_NAME = "$(TARGET_NAME)";
				SWIFT_EMIT_LOC_STRINGS = NO;
				SWIFT_VERSION = 5.0;
				TARGETED_DEVICE_FAMILY = "1,2";
				TEST_TARGET_NAME = Prework;
			};
			name = Release;
		};
/* End XCBuildConfiguration section */

/* Begin XCConfigurationList section */
		655D72BE28BA8CE200D19BE7 /* Build configuration list for PBXProject "Prework" */ = {
			isa = XCConfigurationList;
			buildConfigurations = (
				655D72EB28BA8CE400D19BE7 /* Debug */,
				655D72EC28BA8CE400D19BE7 /* Release */,
			);
			defaultConfigurationIsVisible = 0;
			defaultConfigurationName = Release;
		};
		655D72ED28BA8CE400D19BE7 /* Build configuration list for PBXNativeTarget "Prework" */ = {
			isa = XCConfigurationList;
			buildConfigurations = (
				655D72EE28BA8CE400D19BE7 /* Debug */,
				655D72EF28BA8CE400D19BE7 /* Release */,
			);
			defaultConfigurationIsVisible = 0;
			defaultConfigurationName = Release;
		};
		655D72F028BA8CE400D19BE7 /* Build configuration list for PBXNativeTarget "PreworkTests" */ = {
			isa = XCConfigurationList;
			buildConfigurations = (
				655D72F128BA8CE400D19BE7 /* Debug */,
				655D72F228BA8CE400D19BE7 /* Release */,
			);
			defaultConfigurationIsVisible = 0;
			defaultConfigurationName = Release;
		};
		655D72F328BA8CE400D19BE7 /* Build configuration list for PBXNativeTarget "PreworkUITests" */ = {
			isa = XCConfigurationList;
			buildConfigurations = (
				655D72F428BA8CE400D19BE7 /* Debug */,
				655D72F528BA8CE400D19BE7 /* Release */,
			);
			defaultConfigurationIsVisible = 0;
			defaultConfigurationName = Release;
		};
/* End XCConfigurationList section */
	};
	rootObject = 655D72BB28BA8CE200D19BE7 /* Project object */;
}
